// !$*UTF8*$!
{
	archiveVersion = 1;
	classes = {
	};
	objectVersion = 50;
	objects = {

/* Begin PBXBuildFile section */
		5690ECE6238EDBA600C5B8DB /* AppDelegate.swift in Sources */ = {isa = PBXBuildFile; fileRef = 5690ECE5238EDBA600C5B8DB /* AppDelegate.swift */; };
		5690ECE8238EDBA600C5B8DB /* SceneDelegate.swift in Sources */ = {isa = PBXBuildFile; fileRef = 5690ECE7238EDBA600C5B8DB /* SceneDelegate.swift */; };
		5690ECEA238EDBA600C5B8DB /* ViewController.swift in Sources */ = {isa = PBXBuildFile; fileRef = 5690ECE9238EDBA600C5B8DB /* ViewController.swift */; };
		5690ECED238EDBA600C5B8DB /* Main.storyboard in Resources */ = {isa = PBXBuildFile; fileRef = 5690ECEB238EDBA600C5B8DB /* Main.storyboard */; };
		5690ECEF238EDBA800C5B8DB /* Assets.xcassets in Resources */ = {isa = PBXBuildFile; fileRef = 5690ECEE238EDBA800C5B8DB /* Assets.xcassets */; };
		5690ECF2238EDBA800C5B8DB /* LaunchScreen.storyboard in Resources */ = {isa = PBXBuildFile; fileRef = 5690ECF0238EDBA800C5B8DB /* LaunchScreen.storyboard */; };
/* End PBXBuildFile section */

/* Begin PBXFileReference section */
		5690ECE2238EDBA600C5B8DB /* ParsingJSONLab.app */ = {isa = PBXFileReference; explicitFileType = wrapper.application; includeInIndex = 0; path = ParsingJSONLab.app; sourceTree = BUILT_PRODUCTS_DIR; };
		5690ECE5238EDBA600C5B8DB /* AppDelegate.swift */ = {isa = PBXFileReference; lastKnownFileType = sourcecode.swift; path = AppDelegate.swift; sourceTree = "<group>"; };
		5690ECE7238EDBA600C5B8DB /* SceneDelegate.swift */ = {isa = PBXFileReference; lastKnownFileType = sourcecode.swift; path = SceneDelegate.swift; sourceTree = "<group>"; };
		5690ECE9238EDBA600C5B8DB /* ViewController.swift */ = {isa = PBXFileReference; lastKnownFileType = sourcecode.swift; path = ViewController.swift; sourceTree = "<group>"; };
		5690ECEC238EDBA600C5B8DB /* Base */ = {isa = PBXFileReference; lastKnownFileType = file.storyboard; name = Base; path = Base.lproj/Main.storyboard; sourceTree = "<group>"; };
		5690ECEE238EDBA800C5B8DB /* Assets.xcassets */ = {isa = PBXFileReference; lastKnownFileType = folder.assetcatalog; path = Assets.xcassets; sourceTree = "<group>"; };
		5690ECF1238EDBA800C5B8DB /* Base */ = {isa = PBXFileReference; lastKnownFileType = file.storyboard; name = Base; path = Base.lproj/LaunchScreen.storyboard; sourceTree = "<group>"; };
		5690ECF3238EDBA800C5B8DB /* Info.plist */ = {isa = PBXFileReference; lastKnownFileType = text.plist.xml; path = Info.plist; sourceTree = "<group>"; };
/* End PBXFileReference section */

/* Begin PBXFrameworksBuildPhase section */
		5690ECDF238EDBA600C5B8DB /* Frameworks */ = {
			isa = PBXFrameworksBuildPhase;
			buildActionMask = 2147483647;
			files = (
			);
			runOnlyForDeploymentPostprocessing = 0;
		};
/* End PBXFrameworksBuildPhase section */

/* Begin PBXGroup section */
		5690ECD9238EDBA600C5B8DB = {
			isa = PBXGroup;
			children = (
				5690ECE4238EDBA600C5B8DB /* ParsingJSONLab */,
				5690ECE3238EDBA600C5B8DB /* Products */,
			);
			sourceTree = "<group>";
		};
		5690ECE3238EDBA600C5B8DB /* Products */ = {
			isa = PBXGroup;
			children = (
				5690ECE2238EDBA600C5B8DB /* ParsingJSONLab.app */,
			);
			name = Products;
			sourceTree = "<group>";
		};
		5690ECE4238EDBA600C5B8DB /* ParsingJSONLab */ = {
			isa = PBXGroup;
			children = (
				5690ECE5238EDBA600C5B8DB /* AppDelegate.swift */,
				5690ECE7238EDBA600C5B8DB /* SceneDelegate.swift */,
				5690ECE9238EDBA600C5B8DB /* ViewController.swift */,
				5690ECEB238EDBA600C5B8DB /* Main.storyboard */,
				5690ECEE238EDBA800C5B8DB /* Assets.xcassets */,
				5690ECF0238EDBA800C5B8DB /* LaunchScreen.storyboard */,
				5690ECF3238EDBA800C5B8DB /* Info.plist */,
			);
			path = ParsingJSONLab;
			sourceTree = "<group>";
		};
/* End PBXGroup section */

/* Begin PBXNativeTarget section */
		5690ECE1238EDBA600C5B8DB /* ParsingJSONLab */ = {
			isa = PBXNativeTarget;
			buildConfigurationList = 5690ECF6238EDBA800C5B8DB /* Build configuration list for PBXNativeTarget "ParsingJSONLab" */;
			buildPhases = (
				5690ECDE238EDBA600C5B8DB /* Sources */,
				5690ECDF238EDBA600C5B8DB /* Frameworks */,
				5690ECE0238EDBA600C5B8DB /* Resources */,
			);
			buildRules = (
			);
			dependencies = (
			);
			name = ParsingJSONLab;
			productName = ParsingJSONLab;
			productReference = 5690ECE2238EDBA600C5B8DB /* ParsingJSONLab.app */;
			productType = "com.apple.product-type.application";
		};
/* End PBXNativeTarget section */

/* Begin PBXProject section */
		5690ECDA238EDBA600C5B8DB /* Project object */ = {
			isa = PBXProject;
			attributes = {
				LastSwiftUpdateCheck = 1120;
				LastUpgradeCheck = 1120;
				ORGANIZATIONNAME = "Ian Bailey";
				TargetAttributes = {
					5690ECE1238EDBA600C5B8DB = {
						CreatedOnToolsVersion = 11.2;
					};
				};
			};
			buildConfigurationList = 5690ECDD238EDBA600C5B8DB /* Build configuration list for PBXProject "ParsingJSONLab" */;
			compatibilityVersion = "Xcode 9.3";
			developmentRegion = en;
			hasScannedForEncodings = 0;
			knownRegions = (
				en,
				Base,
			);
			mainGroup = 5690ECD9238EDBA600C5B8DB;
			productRefGroup = 5690ECE3238EDBA600C5B8DB /* Products */;
			projectDirPath = "";
			projectRoot = "";
			targets = (
				5690ECE1238EDBA600C5B8DB /* ParsingJSONLab */,
			);
		};
/* End PBXProject section */

/* Begin PBXResourcesBuildPhase section */
		5690ECE0238EDBA600C5B8DB /* Resources */ = {
			isa = PBXResourcesBuildPhase;
			buildActionMask = 2147483647;
			files = (
				5690ECF2238EDBA800C5B8DB /* LaunchScreen.storyboard in Resources */,
				5690ECEF238EDBA800C5B8DB /* Assets.xcassets in Resources */,
				5690ECED238EDBA600C5B8DB /* Main.storyboard in Resources */,
			);
			runOnlyForDeploymentPostprocessing = 0;
		};
/* End PBXResourcesBuildPhase section */

/* Begin PBXSourcesBuildPhase section */
		5690ECDE238EDBA600C5B8DB /* Sources */ = {
			isa = PBXSourcesBuildPhase;
			buildActionMask = 2147483647;
			files = (
				5690ECEA238EDBA600C5B8DB /* ViewController.swift in Sources */,
				5690ECE6238EDBA600C5B8DB /* AppDelegate.swift in Sources */,
				5690ECE8238EDBA600C5B8DB /* SceneDelegate.swift in Sources */,
			);
			runOnlyForDeploymentPostprocessing = 0;
		};
/* End PBXSourcesBuildPhase section */

/* Begin PBXVariantGroup section */
		5690ECEB238EDBA600C5B8DB /* Main.storyboard */ = {
			isa = PBXVariantGroup;
			children = (
				5690ECEC238EDBA600C5B8DB /* Base */,
			);
			name = Main.storyboard;
			sourceTree = "<group>";
		};
		5690ECF0238EDBA800C5B8DB /* LaunchScreen.storyboard */ = {
			isa = PBXVariantGroup;
			children = (
				5690ECF1238EDBA800C5B8DB /* Base */,
			);
			name = LaunchScreen.storyboard;
			sourceTree = "<group>";
		};
/* End PBXVariantGroup section */

/* Begin XCBuildConfiguration section */
		5690ECF4238EDBA800C5B8DB /* Debug */ = {
			isa = XCBuildConfiguration;
			buildSettings = {
				ALWAYS_SEARCH_USER_PATHS = NO;
				CLANG_ANALYZER_NONNULL = YES;
				CLANG_ANALYZER_NUMBER_OBJECT_CONVERSION = YES_AGGRESSIVE;
				CLANG_CXX_LANGUAGE_STANDARD = "gnu++14";
				CLANG_CXX_LIBRARY = "libc++";
				CLANG_ENABLE_MODULES = YES;
				CLANG_ENABLE_OBJC_ARC = YES;
				CLANG_ENABLE_OBJC_WEAK = YES;
				CLANG_WARN_BLOCK_CAPTURE_AUTORELEASING = YES;
				CLANG_WARN_BOOL_CONVERSION = YES;
				CLANG_WARN_COMMA = YES;
				CLANG_WARN_CONSTANT_CONVERSION = YES;
				CLANG_WARN_DEPRECATED_OBJC_IMPLEMENTATIONS = YES;
				CLANG_WARN_DIRECT_OBJC_ISA_USAGE = YES_ERROR;
				CLANG_WARN_DOCUMENTATION_COMMENTS = YES;
				CLANG_WARN_EMPTY_BODY = YES;
				CLANG_WARN_ENUM_CONVERSION = YES;
				CLANG_WARN_INFINITE_RECURSION = YES;
				CLANG_WARN_INT_CONVERSION = YES;
				CLANG_WARN_NON_LITERAL_NULL_CONVERSION = YES;
				CLANG_WARN_OBJC_IMPLICIT_RETAIN_SELF = YES;
				CLANG_WARN_OBJC_LITERAL_CONVERSION = YES;
				CLANG_WARN_OBJC_ROOT_CLASS = YES_ERROR;
				CLANG_WARN_RANGE_LOOP_ANALYSIS = YES;
				CLANG_WARN_STRICT_PROTOTYPES = YES;
				CLANG_WARN_SUSPICIOUS_MOVE = YES;
				CLANG_WARN_UNGUARDED_AVAILABILITY = YES_AGGRESSIVE;
				CLANG_WARN_UNREACHABLE_CODE = YES;
				CLANG_WARN__DUPLICATE_METHOD_MATCH = YES;
				COPY_PHASE_STRIP = NO;
				DEBUG_INFORMATION_FORMAT = dwarf;
				ENABLE_STRICT_OBJC_MSGSEND = YES;
				ENABLE_TESTABILITY = YES;
				GCC_C_LANGUAGE_STANDARD = gnu11;
				GCC_DYNAMIC_NO_PIC = NO;
				GCC_NO_COMMON_BLOCKS = YES;
				GCC_OPTIMIZATION_LEVEL = 0;
				GCC_PREPROCESSOR_DEFINITIONS = (
					"DEBUG=1",
					"$(inherited)",
				);
				GCC_WARN_64_TO_32_BIT_CONVERSION = YES;
				GCC_WARN_ABOUT_RETURN_TYPE = YES_ERROR;
				GCC_WARN_UNDECLARED_SELECTOR = YES;
				GCC_WARN_UNINITIALIZED_AUTOS = YES_AGGRESSIVE;
				GCC_WARN_UNUSED_FUNCTION = YES;
				GCC_WARN_UNUSED_VARIABLE = YES;
				IPHONEOS_DEPLOYMENT_TARGET = 13.2;
				MTL_ENABLE_DEBUG_INFO = INCLUDE_SOURCE;
				MTL_FAST_MATH = YES;
				ONLY_ACTIVE_ARCH = YES;
				SDKROOT = iphoneos;
				SWIFT_ACTIVE_COMPILATION_CONDITIONS = DEBUG;
				SWIFT_OPTIMIZATION_LEVEL = "-Onone";
			};
			name = Debug;
		};
		5690ECF5238EDBA800C5B8DB /* Release */ = {
			isa = XCBuildConfiguration;
			buildSettings = {
				ALWAYS_SEARCH_USER_PATHS = NO;
				CLANG_ANALYZER_NONNULL = YES;
				CLANG_ANALYZER_NUMBER_OBJECT_CONVERSION = YES_AGGRESSIVE;
				CLANG_CXX_LANGUAGE_STANDARD = "gnu++14";
				CLANG_CXX_LIBRARY = "libc++";
				CLANG_ENABLE_MODULES = YES;
				CLANG_ENABLE_OBJC_ARC = YES;
				CLANG_ENABLE_OBJC_WEAK = YES;
				CLANG_WARN_BLOCK_CAPTURE_AUTORELEASING = YES;
				CLANG_WARN_BOOL_CONVERSION = YES;
				CLANG_WARN_COMMA = YES;
				CLANG_WARN_CONSTANT_CONVERSION = YES;
				CLANG_WARN_DEPRECATED_OBJC_IMPLEMENTATIONS = YES;
				CLANG_WARN_DIRECT_OBJC_ISA_USAGE = YES_ERROR;
				CLANG_WARN_DOCUMENTATION_COMMENTS = YES;
				CLANG_WARN_EMPTY_BODY = YES;
				CLANG_WARN_ENUM_CONVERSION = YES;
				CLANG_WARN_INFINITE_RECURSION = YES;
				CLANG_WARN_INT_CONVERSION = YES;
				CLANG_WARN_NON_LITERAL_NULL_CONVERSION = YES;
				CLANG_WARN_OBJC_IMPLICIT_RETAIN_SELF = YES;
				CLANG_WARN_OBJC_LITERAL_CONVERSION = YES;
				CLANG_WARN_OBJC_ROOT_CLASS = YES_ERROR;
				CLANG_WARN_RANGE_LOOP_ANALYSIS = YES;
				CLANG_WARN_STRICT_PROTOTYPES = YES;
				CLANG_WARN_SUSPICIOUS_MOVE = YES;
				CLANG_WARN_UNGUARDED_AVAILABILITY = YES_AGGRESSIVE;
				CLANG_WARN_UNREACHABLE_CODE = YES;
				CLANG_WARN__DUPLICATE_METHOD_MATCH = YES;
				COPY_PHASE_STRIP = NO;
				DEBUG_INFORMATION_FORMAT = "dwarf-with-dsym";
				ENABLE_NS_ASSERTIONS = NO;
				ENABLE_STRICT_OBJC_MSGSEND = YES;
				GCC_C_LANGUAGE_STANDARD = gnu11;
				GCC_NO_COMMON_BLOCKS = YES;
				GCC_WARN_64_TO_32_BIT_CONVERSION = YES;
				GCC_WARN_ABOUT_RETURN_TYPE = YES_ERROR;
				GCC_WARN_UNDECLARED_SELECTOR = YES;
				GCC_WARN_UNINITIALIZED_AUTOS = YES_AGGRESSIVE;
				GCC_WARN_UNUSED_FUNCTION = YES;
				GCC_WARN_UNUSED_VARIABLE = YES;
				IPHONEOS_DEPLOYMENT_TARGET = 13.2;
				MTL_ENABLE_DEBUG_INFO = NO;
				MTL_FAST_MATH = YES;
				SDKROOT = iphoneos;
				SWIFT_COMPILATION_MODE = wholemodule;
				SWIFT_OPTIMIZATION_LEVEL = "-O";
				VALIDATE_PRODUCT = YES;
			};
			name = Release;
		};
		5690ECF7238EDBA800C5B8DB /* Debug */ = {
			isa = XCBuildConfiguration;
			buildSettings = {
				ASSETCATALOG_COMPILER_APPICON_NAME = AppIcon;
				CODE_SIGN_STYLE = Automatic;
				DEVELOPMENT_TEAM = 344TJ7238B;
				INFOPLIST_FILE = ParsingJSONLab/Info.plist;
				LD_RUNPATH_SEARCH_PATHS = (
					"$(inherited)",
					"@executable_path/Frameworks",
				);
				PRODUCT_BUNDLE_IDENTIFIER = org.pursuit.ParsingJSONLab;
				PRODUCT_NAME = "$(TARGET_NAME)";
				SWIFT_VERSION = 5.0;
				TARGETED_DEVICE_FAMILY = "1,2";
			};
			name = Debug;
		};
		5690ECF8238EDBA800C5B8DB /* Release */ = {
			isa = XCBuildConfiguration;
			buildSettings = {
				ASSETCATALOG_COMPILER_APPICON_NAME = AppIcon;
				CODE_SIGN_STYLE = Automatic;
				DEVELOPMENT_TEAM = 344TJ7238B;
				INFOPLIST_FILE = ParsingJSONLab/Info.plist;
				LD_RUNPATH_SEARCH_PATHS = (
					"$(inherited)",
					"@executable_path/Frameworks",
				);
				PRODUCT_BUNDLE_IDENTIFIER = org.pursuit.ParsingJSONLab;
				PRODUCT_NAME = "$(TARGET_NAME)";
				SWIFT_VERSION = 5.0;
				TARGETED_DEVICE_FAMILY = "1,2";
			};
			name = Release;
		};
/* End XCBuildConfiguration section */

/* Begin XCConfigurationList section */
		5690ECDD238EDBA600C5B8DB /* Build configuration list for PBXProject "ParsingJSONLab" */ = {
			isa = XCConfigurationList;
			buildConfigurations = (
				5690ECF4238EDBA800C5B8DB /* Debug */,
				5690ECF5238EDBA800C5B8DB /* Release */,
			);
			defaultConfigurationIsVisible = 0;
			defaultConfigurationName = Release;
		};
		5690ECF6238EDBA800C5B8DB /* Build configuration list for PBXNativeTarget "ParsingJSONLab" */ = {
			isa = XCConfigurationList;
			buildConfigurations = (
				5690ECF7238EDBA800C5B8DB /* Debug */,
				5690ECF8238EDBA800C5B8DB /* Release */,
			);
			defaultConfigurationIsVisible = 0;
			defaultConfigurationName = Release;
		};
/* End XCConfigurationList section */
	};
	rootObject = 5690ECDA238EDBA600C5B8DB /* Project object */;
}
